
Microsoft Visual Studio Solution File, Format Version 12.00
# Visual Studio Version 16
VisualStudioVersion = 16.0.29920.165
MinimumVisualStudioVersion = 10.0.40219.1
Project("{9A19103F-16F7-4668-BE54-9A1E7A4F7556}") = "Runner", "Runner\Runner.csproj", "{7E36B489-B323-4A37-A169-1530C13F208B}"
EndProject
Project("{888888A0-9F3D-457C-B088-3A5042F75D52}") = "Optimizer", "Optimizer\Optimizer.pyproj", "{09D03076-C0A8-4E20-9D68-24975EFF10A2}"
EndProject
Project("{9A19103F-16F7-4668-BE54-9A1E7A4F7556}") = "Runner.UnitTest", "Runner.UnitTest\Runner.UnitTest.csproj", "{43C8BAC1-83B9-4FC2-A7F5-98DEAF803EF3}"
EndProject
Project("{FAE04EC0-301F-11D3-BF4B-00C04F79EFBC}") = "Runner.Interfaces", "Runner.Interfaces\Runner.Interfaces.csproj", "{84378659-FB69-4F7B-A8D7-F86557CC6612}"
EndProject
Project("{FAE04EC0-301F-11D3-BF4B-00C04F79EFBC}") = "Modules", "Modules\Modules.csproj", "{1AA37B4E-ACEC-4C8D-AC56-C6CEED65C70C}"
EndProject
Global
	GlobalSection(SolutionConfigurationPlatforms) = preSolution
		Debug|Any CPU = Debug|Any CPU
		Release|Any CPU = Release|Any CPU
	EndGlobalSection
	GlobalSection(ProjectConfigurationPlatforms) = postSolution
		{7E36B489-B323-4A37-A169-1530C13F208B}.Debug|Any CPU.ActiveCfg = Debug|Any CPU
		{7E36B489-B323-4A37-A169-1530C13F208B}.Debug|Any CPU.Build.0 = Debug|Any CPU
		{7E36B489-B323-4A37-A169-1530C13F208B}.Release|Any CPU.ActiveCfg = Release|Any CPU
		{7E36B489-B323-4A37-A169-1530C13F208B}.Release|Any CPU.Build.0 = Release|Any CPU
		{09D03076-C0A8-4E20-9D68-24975EFF10A2}.Debug|Any CPU.ActiveCfg = Debug|Any CPU
		{09D03076-C0A8-4E20-9D68-24975EFF10A2}.Release|Any CPU.ActiveCfg = Release|Any CPU
		{43C8BAC1-83B9-4FC2-A7F5-98DEAF803EF3}.Debug|Any CPU.ActiveCfg = Debug|Any CPU
		{43C8BAC1-83B9-4FC2-A7F5-98DEAF803EF3}.Debug|Any CPU.Build.0 = Debug|Any CPU
		{43C8BAC1-83B9-4FC2-A7F5-98DEAF803EF3}.Release|Any CPU.ActiveCfg = Release|Any CPU
		{43C8BAC1-83B9-4FC2-A7F5-98DEAF803EF3}.Release|Any CPU.Build.0 = Release|Any CPU
		{84378659-FB69-4F7B-A8D7-F86557CC6612}.Debug|Any CPU.ActiveCfg = Debug|Any CPU
		{84378659-FB69-4F7B-A8D7-F86557CC6612}.Debug|Any CPU.Build.0 = Debug|Any CPU
		{84378659-FB69-4F7B-A8D7-F86557CC6612}.Release|Any CPU.ActiveCfg = Release|Any CPU
		{84378659-FB69-4F7B-A8D7-F86557CC6612}.Release|Any CPU.Build.0 = Release|Any CPU
		{1AA37B4E-ACEC-4C8D-AC56-C6CEED65C70C}.Debug|Any CPU.ActiveCfg = Debug|Any CPU
		{1AA37B4E-ACEC-4C8D-AC56-C6CEED65C70C}.Debug|Any CPU.Build.0 = Debug|Any CPU
		{1AA37B4E-ACEC-4C8D-AC56-C6CEED65C70C}.Release|Any CPU.ActiveCfg = Release|Any CPU
		{1AA37B4E-ACEC-4C8D-AC56-C6CEED65C70C}.Release|Any CPU.Build.0 = Release|Any CPU
	EndGlobalSection
	GlobalSection(SolutionProperties) = preSolution
		HideSolutionNode = FALSE
	EndGlobalSection
	GlobalSection(ExtensibilityGlobals) = postSolution
		SolutionGuid = {59F352D2-0767-4796-A2D9-6D0762253161}
	EndGlobalSection
EndGlobal
